// !$*UTF8*$!
{
	archiveVersion = 1;
	classes = {
	};
	objectVersion = 50;
	objects = {

/* Begin PBXBuildFile section */
		BA62298F22C075C1005BE2CF /* AppDelegate.m in Sources */ = {isa = PBXBuildFile; fileRef = BA62298E22C075C1005BE2CF /* AppDelegate.m */; };
		BA62299222C075C1005BE2CF /* ViewController.m in Sources */ = {isa = PBXBuildFile; fileRef = BA62299122C075C1005BE2CF /* ViewController.m */; };
		BA62299522C075C1005BE2CF /* Main.storyboard in Resources */ = {isa = PBXBuildFile; fileRef = BA62299322C075C1005BE2CF /* Main.storyboard */; };
		BA62299722C075C2005BE2CF /* Assets.xcassets in Resources */ = {isa = PBXBuildFile; fileRef = BA62299622C075C2005BE2CF /* Assets.xcassets */; };
		BA62299A22C075C2005BE2CF /* LaunchScreen.storyboard in Resources */ = {isa = PBXBuildFile; fileRef = BA62299822C075C2005BE2CF /* LaunchScreen.storyboard */; };
		BA62299D22C075C2005BE2CF /* main.m in Sources */ = {isa = PBXBuildFile; fileRef = BA62299C22C075C2005BE2CF /* main.m */; };
		BA6229C122C0924E005BE2CF /* icoCalculatorBack@2x.png in Resources */ = {isa = PBXBuildFile; fileRef = BA6229BE22C0924D005BE2CF /* icoCalculatorBack@2x.png */; };
		BA6229C222C0924E005BE2CF /* icoCalculatorBack.png in Resources */ = {isa = PBXBuildFile; fileRef = BA6229BF22C0924D005BE2CF /* icoCalculatorBack.png */; };
		BA6229C322C0924E005BE2CF /* icoCalculatorBack@3x.png in Resources */ = {isa = PBXBuildFile; fileRef = BA6229C022C0924E005BE2CF /* icoCalculatorBack@3x.png */; };
		BA7A2FEA22C1B22B00A5D9AD /* UIView+Borders.m in Sources */ = {isa = PBXBuildFile; fileRef = BA7A2FE922C1B22B00A5D9AD /* UIView+Borders.m */; };
		BA7A300222C2014E00A5D9AD /* Enum+Calculator.m in Sources */ = {isa = PBXBuildFile; fileRef = BA7A300122C2014E00A5D9AD /* Enum+Calculator.m */; };
		BA7A300522C319B300A5D9AD /* CalculatorStack.m in Sources */ = {isa = PBXBuildFile; fileRef = BA7A300422C319B300A5D9AD /* CalculatorStack.m */; };
		BA7A300D22C5B67F00A5D9AD /* NSString+Format.m in Sources */ = {isa = PBXBuildFile; fileRef = BA7A300C22C5B67F00A5D9AD /* NSString+Format.m */; };
		BAD7727422CB580400673265 /* Test.storyboard in Resources */ = {isa = PBXBuildFile; fileRef = BAD7727322CB580400673265 /* Test.storyboard */; };
		BAD7727722CB582600673265 /* TestViewController.m in Sources */ = {isa = PBXBuildFile; fileRef = BAD7727622CB582600673265 /* TestViewController.m */; };
/* End PBXBuildFile section */

/* Begin PBXFileReference section */
		BA62298A22C075C1005BE2CF /* Calculator.app */ = {isa = PBXFileReference; explicitFileType = wrapper.application; includeInIndex = 0; path = Calculator.app; sourceTree = BUILT_PRODUCTS_DIR; };
		BA62298D22C075C1005BE2CF /* AppDelegate.h */ = {isa = PBXFileReference; lastKnownFileType = sourcecode.c.h; path = AppDelegate.h; sourceTree = "<group>"; };
		BA62298E22C075C1005BE2CF /* AppDelegate.m */ = {isa = PBXFileReference; lastKnownFileType = sourcecode.c.objc; path = AppDelegate.m; sourceTree = "<group>"; };
		BA62299022C075C1005BE2CF /* ViewController.h */ = {isa = PBXFileReference; lastKnownFileType = sourcecode.c.h; path = ViewController.h; sourceTree = "<group>"; };
		BA62299122C075C1005BE2CF /* ViewController.m */ = {isa = PBXFileReference; lastKnownFileType = sourcecode.c.objc; path = ViewController.m; sourceTree = "<group>"; };
		BA62299422C075C1005BE2CF /* Base */ = {isa = PBXFileReference; lastKnownFileType = file.storyboard; name = Base; path = Base.lproj/Main.storyboard; sourceTree = "<group>"; };
		BA62299622C075C2005BE2CF /* Assets.xcassets */ = {isa = PBXFileReference; lastKnownFileType = folder.assetcatalog; path = Assets.xcassets; sourceTree = "<group>"; };
		BA62299922C075C2005BE2CF /* Base */ = {isa = PBXFileReference; lastKnownFileType = file.storyboard; name = Base; path = Base.lproj/LaunchScreen.storyboard; sourceTree = "<group>"; };
		BA62299B22C075C2005BE2CF /* Info.plist */ = {isa = PBXFileReference; lastKnownFileType = text.plist.xml; path = Info.plist; sourceTree = "<group>"; };
		BA62299C22C075C2005BE2CF /* main.m */ = {isa = PBXFileReference; lastKnownFileType = sourcecode.c.objc; path = main.m; sourceTree = "<group>"; };
		BA6229BE22C0924D005BE2CF /* icoCalculatorBack@2x.png */ = {isa = PBXFileReference; lastKnownFileType = image.png; path = "icoCalculatorBack@2x.png"; sourceTree = "<group>"; };
		BA6229BF22C0924D005BE2CF /* icoCalculatorBack.png */ = {isa = PBXFileReference; lastKnownFileType = image.png; path = icoCalculatorBack.png; sourceTree = "<group>"; };
		BA6229C022C0924E005BE2CF /* icoCalculatorBack@3x.png */ = {isa = PBXFileReference; lastKnownFileType = image.png; path = "icoCalculatorBack@3x.png"; sourceTree = "<group>"; };
		BA7A2FE822C1B22B00A5D9AD /* UIView+Borders.h */ = {isa = PBXFileReference; lastKnownFileType = sourcecode.c.h; path = "UIView+Borders.h"; sourceTree = "<group>"; };
		BA7A2FE922C1B22B00A5D9AD /* UIView+Borders.m */ = {isa = PBXFileReference; lastKnownFileType = sourcecode.c.objc; path = "UIView+Borders.m"; sourceTree = "<group>"; };
		BA7A300022C2014E00A5D9AD /* Enum+Calculator.h */ = {isa = PBXFileReference; lastKnownFileType = sourcecode.c.h; path = "Enum+Calculator.h"; sourceTree = "<group>"; };
		BA7A300122C2014E00A5D9AD /* Enum+Calculator.m */ = {isa = PBXFileReference; lastKnownFileType = sourcecode.c.objc; path = "Enum+Calculator.m"; sourceTree = "<group>"; };
		BA7A300322C319B300A5D9AD /* CalculatorStack.h */ = {isa = PBXFileReference; lastKnownFileType = sourcecode.c.h; path = CalculatorStack.h; sourceTree = "<group>"; };
		BA7A300422C319B300A5D9AD /* CalculatorStack.m */ = {isa = PBXFileReference; lastKnownFileType = sourcecode.c.objc; path = CalculatorStack.m; sourceTree = "<group>"; };
		BA7A300B22C5B67F00A5D9AD /* NSString+Format.h */ = {isa = PBXFileReference; lastKnownFileType = sourcecode.c.h; path = "NSString+Format.h"; sourceTree = "<group>"; };
		BA7A300C22C5B67F00A5D9AD /* NSString+Format.m */ = {isa = PBXFileReference; lastKnownFileType = sourcecode.c.objc; path = "NSString+Format.m"; sourceTree = "<group>"; };
		BAD7727322CB580400673265 /* Test.storyboard */ = {isa = PBXFileReference; lastKnownFileType = file.storyboard; path = Test.storyboard; sourceTree = "<group>"; };
		BAD7727522CB582600673265 /* TestViewController.h */ = {isa = PBXFileReference; lastKnownFileType = sourcecode.c.h; path = TestViewController.h; sourceTree = "<group>"; };
		BAD7727622CB582600673265 /* TestViewController.m */ = {isa = PBXFileReference; lastKnownFileType = sourcecode.c.objc; path = TestViewController.m; sourceTree = "<group>"; };
/* End PBXFileReference section */

/* Begin PBXFrameworksBuildPhase section */
		BA62298722C075C1005BE2CF /* Frameworks */ = {
			isa = PBXFrameworksBuildPhase;
			buildActionMask = 2147483647;
			files = (
			);
			runOnlyForDeploymentPostprocessing = 0;
		};
/* End PBXFrameworksBuildPhase section */

/* Begin PBXGroup section */
		BA62298122C075C1005BE2CF = {
			isa = PBXGroup;
			children = (
				BA62298C22C075C1005BE2CF /* Calculator */,
				BA62298B22C075C1005BE2CF /* Products */,
			);
			sourceTree = "<group>";
		};
		BA62298B22C075C1005BE2CF /* Products */ = {
			isa = PBXGroup;
			children = (
				BA62298A22C075C1005BE2CF /* Calculator.app */,
			);
			name = Products;
			sourceTree = "<group>";
		};
		BA62298C22C075C1005BE2CF /* Calculator */ = {
			isa = PBXGroup;
			children = (
				BA6229A422C07653005BE2CF /* Storyboards */,
				BA6229A322C07651005BE2CF /* Supporting */,
				BA62298D22C075C1005BE2CF /* AppDelegate.h */,
				BA62298E22C075C1005BE2CF /* AppDelegate.m */,
				BA62299022C075C1005BE2CF /* ViewController.h */,
				BA62299122C075C1005BE2CF /* ViewController.m */,
				BA7A300022C2014E00A5D9AD /* Enum+Calculator.h */,
				BA7A300122C2014E00A5D9AD /* Enum+Calculator.m */,
				BA7A300322C319B300A5D9AD /* CalculatorStack.h */,
				BA7A300422C319B300A5D9AD /* CalculatorStack.m */,
				BAD7727522CB582600673265 /* TestViewController.h */,
				BAD7727622CB582600673265 /* TestViewController.m */,
				BA7A300E22C5B69900A5D9AD /* Category */,
			);
			path = Calculator;
			sourceTree = "<group>";
		};
		BA6229A322C07651005BE2CF /* Supporting */ = {
			isa = PBXGroup;
			children = (
				BA62299622C075C2005BE2CF /* Assets.xcassets */,
				BA6229BF22C0924D005BE2CF /* icoCalculatorBack.png */,
				BA6229BE22C0924D005BE2CF /* icoCalculatorBack@2x.png */,
				BA6229C022C0924E005BE2CF /* icoCalculatorBack@3x.png */,
				BA62299B22C075C2005BE2CF /* Info.plist */,
				BA62299C22C075C2005BE2CF /* main.m */,
			);
			path = Supporting;
			sourceTree = "<group>";
		};
		BA6229A422C07653005BE2CF /* Storyboards */ = {
			isa = PBXGroup;
			children = (
				BA62299322C075C1005BE2CF /* Main.storyboard */,
				BA62299822C075C2005BE2CF /* LaunchScreen.storyboard */,
				BAD7727322CB580400673265 /* Test.storyboard */,
			);
			path = Storyboards;
			sourceTree = "<group>";
		};
		BA7A300E22C5B69900A5D9AD /* Category */ = {
			isa = PBXGroup;
			children = (
				BA7A2FE822C1B22B00A5D9AD /* UIView+Borders.h */,
				BA7A2FE922C1B22B00A5D9AD /* UIView+Borders.m */,
				BA7A300B22C5B67F00A5D9AD /* NSString+Format.h */,
				BA7A300C22C5B67F00A5D9AD /* NSString+Format.m */,
			);
			path = Category;
			sourceTree = "<group>";
		};
/* End PBXGroup section */

/* Begin PBXNativeTarget section */
		BA62298922C075C1005BE2CF /* Calculator */ = {
			isa = PBXNativeTarget;
			buildConfigurationList = BA6229A022C075C2005BE2CF /* Build configuration list for PBXNativeTarget "Calculator" */;
			buildPhases = (
				BA62298622C075C1005BE2CF /* Sources */,
				BA62298722C075C1005BE2CF /* Frameworks */,
				BA62298822C075C1005BE2CF /* Resources */,
			);
			buildRules = (
			);
			dependencies = (
			);
			name = Calculator;
			productName = Calculator;
			productReference = BA62298A22C075C1005BE2CF /* Calculator.app */;
			productType = "com.apple.product-type.application";
		};
/* End PBXNativeTarget section */

/* Begin PBXProject section */
		BA62298222C075C1005BE2CF /* Project object */ = {
			isa = PBXProject;
			attributes = {
				LastUpgradeCheck = 1020;
				ORGANIZATIONNAME = Byunsangjin;
				TargetAttributes = {
					BA62298922C075C1005BE2CF = {
						CreatedOnToolsVersion = 10.2.1;
					};
				};
			};
			buildConfigurationList = BA62298522C075C1005BE2CF /* Build configuration list for PBXProject "Calculator" */;
			compatibilityVersion = "Xcode 9.3";
			developmentRegion = en;
			hasScannedForEncodings = 0;
			knownRegions = (
				en,
				Base,
			);
			mainGroup = BA62298122C075C1005BE2CF;
			productRefGroup = BA62298B22C075C1005BE2CF /* Products */;
			projectDirPath = "";
			projectRoot = "";
			targets = (
				BA62298922C075C1005BE2CF /* Calculator */,
			);
		};
/* End PBXProject section */

/* Begin PBXResourcesBuildPhase section */
		BA62298822C075C1005BE2CF /* Resources */ = {
			isa = PBXResourcesBuildPhase;
			buildActionMask = 2147483647;
			files = (
				BA6229C222C0924E005BE2CF /* icoCalculatorBack.png in Resources */,
				BA6229C322C0924E005BE2CF /* icoCalculatorBack@3x.png in Resources */,
				BA62299A22C075C2005BE2CF /* LaunchScreen.storyboard in Resources */,
				BA6229C122C0924E005BE2CF /* icoCalculatorBack@2x.png in Resources */,
				BA62299722C075C2005BE2CF /* Assets.xcassets in Resources */,
				BAD7727422CB580400673265 /* Test.storyboard in Resources */,
				BA62299522C075C1005BE2CF /* Main.storyboard in Resources */,
			);
			runOnlyForDeploymentPostprocessing = 0;
		};
/* End PBXResourcesBuildPhase section */

/* Begin PBXSourcesBuildPhase section */
		BA62298622C075C1005BE2CF /* Sources */ = {
			isa = PBXSourcesBuildPhase;
			buildActionMask = 2147483647;
			files = (
				BA62299222C075C1005BE2CF /* ViewController.m in Sources */,
				BA7A2FEA22C1B22B00A5D9AD /* UIView+Borders.m in Sources */,
				BA7A300522C319B300A5D9AD /* CalculatorStack.m in Sources */,
				BA7A300222C2014E00A5D9AD /* Enum+Calculator.m in Sources */,
				BA62299D22C075C2005BE2CF /* main.m in Sources */,
				BA62298F22C075C1005BE2CF /* AppDelegate.m in Sources */,
				BAD7727722CB582600673265 /* TestViewController.m in Sources */,
				BA7A300D22C5B67F00A5D9AD /* NSString+Format.m in Sources */,
			);
			runOnlyForDeploymentPostprocessing = 0;
		};
/* End PBXSourcesBuildPhase section */

/* Begin PBXVariantGroup section */
		BA62299322C075C1005BE2CF /* Main.storyboard */ = {
			isa = PBXVariantGroup;
			children = (
				BA62299422C075C1005BE2CF /* Base */,
			);
			name = Main.storyboard;
			sourceTree = "<group>";
		};
		BA62299822C075C2005BE2CF /* LaunchScreen.storyboard */ = {
			isa = PBXVariantGroup;
			children = (
				BA62299922C075C2005BE2CF /* Base */,
			);
			name = LaunchScreen.storyboard;
			sourceTree = "<group>";
		};
/* End PBXVariantGroup section */

/* Begin XCBuildConfiguration section */
		BA62299E22C075C2005BE2CF /* Debug */ = {
			isa = XCBuildConfiguration;
			buildSettings = {
				ALWAYS_SEARCH_USER_PATHS = NO;
				CLANG_ANALYZER_NONNULL = YES;
				CLANG_ANALYZER_NUMBER_OBJECT_CONVERSION = YES_AGGRESSIVE;
				CLANG_CXX_LANGUAGE_STANDARD = "gnu++14";
				CLANG_CXX_LIBRARY = "libc++";
				CLANG_ENABLE_MODULES = YES;
				CLANG_ENABLE_OBJC_ARC = YES;
				CLANG_ENABLE_OBJC_WEAK = YES;
				CLANG_WARN_BLOCK_CAPTURE_AUTORELEASING = YES;
				CLANG_WARN_BOOL_CONVERSION = YES;
				CLANG_WARN_COMMA = YES;
				CLANG_WARN_CONSTANT_CONVERSION = YES;
				CLANG_WARN_DEPRECATED_OBJC_IMPLEMENTATIONS = YES;
				CLANG_WARN_DIRECT_OBJC_ISA_USAGE = YES_ERROR;
				CLANG_WARN_DOCUMENTATION_COMMENTS = YES;
				CLANG_WARN_EMPTY_BODY = YES;
				CLANG_WARN_ENUM_CONVERSION = YES;
				CLANG_WARN_INFINITE_RECURSION = YES;
				CLANG_WARN_INT_CONVERSION = YES;
				CLANG_WARN_NON_LITERAL_NULL_CONVERSION = YES;
				CLANG_WARN_OBJC_IMPLICIT_RETAIN_SELF = YES;
				CLANG_WARN_OBJC_LITERAL_CONVERSION = YES;
				CLANG_WARN_OBJC_ROOT_CLASS = YES_ERROR;
				CLANG_WARN_RANGE_LOOP_ANALYSIS = YES;
				CLANG_WARN_STRICT_PROTOTYPES = YES;
				CLANG_WARN_SUSPICIOUS_MOVE = YES;
				CLANG_WARN_UNGUARDED_AVAILABILITY = YES_AGGRESSIVE;
				CLANG_WARN_UNREACHABLE_CODE = YES;
				CLANG_WARN__DUPLICATE_METHOD_MATCH = YES;
				CODE_SIGN_IDENTITY = "iPhone Developer";
				COPY_PHASE_STRIP = NO;
				DEBUG_INFORMATION_FORMAT = dwarf;
				ENABLE_STRICT_OBJC_MSGSEND = YES;
				ENABLE_TESTABILITY = YES;
				GCC_C_LANGUAGE_STANDARD = gnu11;
				GCC_DYNAMIC_NO_PIC = NO;
				GCC_NO_COMMON_BLOCKS = YES;
				GCC_OPTIMIZATION_LEVEL = 0;
				GCC_PREPROCESSOR_DEFINITIONS = (
					"DEBUG=1",
					"$(inherited)",
				);
				GCC_WARN_64_TO_32_BIT_CONVERSION = YES;
				GCC_WARN_ABOUT_RETURN_TYPE = YES_ERROR;
				GCC_WARN_UNDECLARED_SELECTOR = YES;
				GCC_WARN_UNINITIALIZED_AUTOS = YES_AGGRESSIVE;
				GCC_WARN_UNUSED_FUNCTION = YES;
				GCC_WARN_UNUSED_VARIABLE = YES;
				IPHONEOS_DEPLOYMENT_TARGET = 12.2;
				MTL_ENABLE_DEBUG_INFO = INCLUDE_SOURCE;
				MTL_FAST_MATH = YES;
				ONLY_ACTIVE_ARCH = YES;
				SDKROOT = iphoneos;
			};
			name = Debug;
		};
		BA62299F22C075C2005BE2CF /* Release */ = {
			isa = XCBuildConfiguration;
			buildSettings = {
				ALWAYS_SEARCH_USER_PATHS = NO;
				CLANG_ANALYZER_NONNULL = YES;
				CLANG_ANALYZER_NUMBER_OBJECT_CONVERSION = YES_AGGRESSIVE;
				CLANG_CXX_LANGUAGE_STANDARD = "gnu++14";
				CLANG_CXX_LIBRARY = "libc++";
				CLANG_ENABLE_MODULES = YES;
				CLANG_ENABLE_OBJC_ARC = YES;
				CLANG_ENABLE_OBJC_WEAK = YES;
				CLANG_WARN_BLOCK_CAPTURE_AUTORELEASING = YES;
				CLANG_WARN_BOOL_CONVERSION = YES;
				CLANG_WARN_COMMA = YES;
				CLANG_WARN_CONSTANT_CONVERSION = YES;
				CLANG_WARN_DEPRECATED_OBJC_IMPLEMENTATIONS = YES;
				CLANG_WARN_DIRECT_OBJC_ISA_USAGE = YES_ERROR;
				CLANG_WARN_DOCUMENTATION_COMMENTS = YES;
				CLANG_WARN_EMPTY_BODY = YES;
				CLANG_WARN_ENUM_CONVERSION = YES;
				CLANG_WARN_INFINITE_RECURSION = YES;
				CLANG_WARN_INT_CONVERSION = YES;
				CLANG_WARN_NON_LITERAL_NULL_CONVERSION = YES;
				CLANG_WARN_OBJC_IMPLICIT_RETAIN_SELF = YES;
				CLANG_WARN_OBJC_LITERAL_CONVERSION = YES;
				CLANG_WARN_OBJC_ROOT_CLASS = YES_ERROR;
				CLANG_WARN_RANGE_LOOP_ANALYSIS = YES;
				CLANG_WARN_STRICT_PROTOTYPES = YES;
				CLANG_WARN_SUSPICIOUS_MOVE = YES;
				CLANG_WARN_UNGUARDED_AVAILABILITY = YES_AGGRESSIVE;
				CLANG_WARN_UNREACHABLE_CODE = YES;
				CLANG_WARN__DUPLICATE_METHOD_MATCH = YES;
				CODE_SIGN_IDENTITY = "iPhone Developer";
				COPY_PHASE_STRIP = NO;
				DEBUG_INFORMATION_FORMAT = "dwarf-with-dsym";
				ENABLE_NS_ASSERTIONS = NO;
				ENABLE_STRICT_OBJC_MSGSEND = YES;
				GCC_C_LANGUAGE_STANDARD = gnu11;
				GCC_NO_COMMON_BLOCKS = YES;
				GCC_WARN_64_TO_32_BIT_CONVERSION = YES;
				GCC_WARN_ABOUT_RETURN_TYPE = YES_ERROR;
				GCC_WARN_UNDECLARED_SELECTOR = YES;
				GCC_WARN_UNINITIALIZED_AUTOS = YES_AGGRESSIVE;
				GCC_WARN_UNUSED_FUNCTION = YES;
				GCC_WARN_UNUSED_VARIABLE = YES;
				IPHONEOS_DEPLOYMENT_TARGET = 12.2;
				MTL_ENABLE_DEBUG_INFO = NO;
				MTL_FAST_MATH = YES;
				SDKROOT = iphoneos;
				VALIDATE_PRODUCT = YES;
			};
			name = Release;
		};
		BA6229A122C075C2005BE2CF /* Debug */ = {
			isa = XCBuildConfiguration;
			buildSettings = {
				ASSETCATALOG_COMPILER_APPICON_NAME = AppIcon;
				CODE_SIGN_STYLE = Automatic;
				DEVELOPMENT_TEAM = GN3PLAKW34;
				INFOPLIST_FILE = Calculator/Supporting/Info.plist;
				IPHONEOS_DEPLOYMENT_TARGET = 10.0;
				LD_RUNPATH_SEARCH_PATHS = (
					"$(inherited)",
					"@executable_path/Frameworks",
				);
				PRODUCT_BUNDLE_IDENTIFIER = dave.s.byun.Calculator;
				PRODUCT_NAME = "$(TARGET_NAME)";
				TARGETED_DEVICE_FAMILY = "1,2";
			};
			name = Debug;
		};
		BA6229A222C075C2005BE2CF /* Release */ = {
			isa = XCBuildConfiguration;
			buildSettings = {
				ASSETCATALOG_COMPILER_APPICON_NAME = AppIcon;
				CODE_SIGN_STYLE = Automatic;
				DEVELOPMENT_TEAM = GN3PLAKW34;
				INFOPLIST_FILE = Calculator/Supporting/Info.plist;
				IPHONEOS_DEPLOYMENT_TARGET = 10.0;
				LD_RUNPATH_SEARCH_PATHS = (
					"$(inherited)",
					"@executable_path/Frameworks",
				);
				PRODUCT_BUNDLE_IDENTIFIER = dave.s.byun.Calculator;
				PRODUCT_NAME = "$(TARGET_NAME)";
				TARGETED_DEVICE_FAMILY = "1,2";
			};
			name = Release;
		};
/* End XCBuildConfiguration section */

/* Begin XCConfigurationList section */
		BA62298522C075C1005BE2CF /* Build configuration list for PBXProject "Calculator" */ = {
			isa = XCConfigurationList;
			buildConfigurations = (
				BA62299E22C075C2005BE2CF /* Debug */,
				BA62299F22C075C2005BE2CF /* Release */,
			);
			defaultConfigurationIsVisible = 0;
			defaultConfigurationName = Release;
		};
		BA6229A022C075C2005BE2CF /* Build configuration list for PBXNativeTarget "Calculator" */ = {
			isa = XCConfigurationList;
			buildConfigurations = (
				BA6229A122C075C2005BE2CF /* Debug */,
				BA6229A222C075C2005BE2CF /* Release */,
			);
			defaultConfigurationIsVisible = 0;
			defaultConfigurationName = Release;
		};
/* End XCConfigurationList section */
	};
	rootObject = BA62298222C075C1005BE2CF /* Project object */;
}
